// !$*UTF8*$!
{
	archiveVersion = 1;
	classes = {
	};
	objectVersion = 56;
	objects = {

/* Begin PBXBuildFile section */
		2DBC58A2292BB8F400A7DFBD /* AppDelegate.swift in Sources */ = {isa = PBXBuildFile; fileRef = 2DBC58A1292BB8F400A7DFBD /* AppDelegate.swift */; };
		2DBC58A4292BB8F400A7DFBD /* SceneDelegate.swift in Sources */ = {isa = PBXBuildFile; fileRef = 2DBC58A3292BB8F400A7DFBD /* SceneDelegate.swift */; };
		2DBC58A6292BB8F400A7DFBD /* ViewController.swift in Sources */ = {isa = PBXBuildFile; fileRef = 2DBC58A5292BB8F400A7DFBD /* ViewController.swift */; };
		2DBC58A9292BB8F400A7DFBD /* Main.storyboard in Resources */ = {isa = PBXBuildFile; fileRef = 2DBC58A7292BB8F400A7DFBD /* Main.storyboard */; };
		2DBC58AB292BB8F500A7DFBD /* Assets.xcassets in Resources */ = {isa = PBXBuildFile; fileRef = 2DBC58AA292BB8F500A7DFBD /* Assets.xcassets */; };
		2DBC58AE292BB8F500A7DFBD /* LaunchScreen.storyboard in Resources */ = {isa = PBXBuildFile; fileRef = 2DBC58AC292BB8F500A7DFBD /* LaunchScreen.storyboard */; };
		2DBC58B9292BB8F600A7DFBD /* ToDoListTests.swift in Sources */ = {isa = PBXBuildFile; fileRef = 2DBC58B8292BB8F600A7DFBD /* ToDoListTests.swift */; };
		2DBC58C3292BB8F600A7DFBD /* ToDoListUITests.swift in Sources */ = {isa = PBXBuildFile; fileRef = 2DBC58C2292BB8F600A7DFBD /* ToDoListUITests.swift */; };
		2DBC58C5292BB8F600A7DFBD /* ToDoListUITestsLaunchTests.swift in Sources */ = {isa = PBXBuildFile; fileRef = 2DBC58C4292BB8F600A7DFBD /* ToDoListUITestsLaunchTests.swift */; };
/* End PBXBuildFile section */

/* Begin PBXContainerItemProxy section */
		2DBC58B5292BB8F600A7DFBD /* PBXContainerItemProxy */ = {
			isa = PBXContainerItemProxy;
			containerPortal = 2DBC5896292BB8F400A7DFBD /* Project object */;
			proxyType = 1;
			remoteGlobalIDString = 2DBC589D292BB8F400A7DFBD;
			remoteInfo = ToDoList;
		};
		2DBC58BF292BB8F600A7DFBD /* PBXContainerItemProxy */ = {
			isa = PBXContainerItemProxy;
			containerPortal = 2DBC5896292BB8F400A7DFBD /* Project object */;
			proxyType = 1;
			remoteGlobalIDString = 2DBC589D292BB8F400A7DFBD;
			remoteInfo = ToDoList;
		};
/* End PBXContainerItemProxy section */

/* Begin PBXFileReference section */
		2DBC589E292BB8F400A7DFBD /* ToDoList.app */ = {isa = PBXFileReference; explicitFileType = wrapper.application; includeInIndex = 0; path = ToDoList.app; sourceTree = BUILT_PRODUCTS_DIR; };
		2DBC58A1292BB8F400A7DFBD /* AppDelegate.swift */ = {isa = PBXFileReference; lastKnownFileType = sourcecode.swift; path = AppDelegate.swift; sourceTree = "<group>"; };
		2DBC58A3292BB8F400A7DFBD /* SceneDelegate.swift */ = {isa = PBXFileReference; lastKnownFileType = sourcecode.swift; path = SceneDelegate.swift; sourceTree = "<group>"; };
		2DBC58A5292BB8F400A7DFBD /* ViewController.swift */ = {isa = PBXFileReference; lastKnownFileType = sourcecode.swift; path = ViewController.swift; sourceTree = "<group>"; };
		2DBC58A8292BB8F400A7DFBD /* Base */ = {isa = PBXFileReference; lastKnownFileType = file.storyboard; name = Base; path = Base.lproj/Main.storyboard; sourceTree = "<group>"; };
		2DBC58AA292BB8F500A7DFBD /* Assets.xcassets */ = {isa = PBXFileReference; lastKnownFileType = folder.assetcatalog; path = Assets.xcassets; sourceTree = "<group>"; };
		2DBC58AD292BB8F500A7DFBD /* Base */ = {isa = PBXFileReference; lastKnownFileType = file.storyboard; name = Base; path = Base.lproj/LaunchScreen.storyboard; sourceTree = "<group>"; };
		2DBC58AF292BB8F500A7DFBD /* Info.plist */ = {isa = PBXFileReference; lastKnownFileType = text.plist.xml; path = Info.plist; sourceTree = "<group>"; };
		2DBC58B4292BB8F600A7DFBD /* ToDoListTests.xctest */ = {isa = PBXFileReference; explicitFileType = wrapper.cfbundle; includeInIndex = 0; path = ToDoListTests.xctest; sourceTree = BUILT_PRODUCTS_DIR; };
		2DBC58B8292BB8F600A7DFBD /* ToDoListTests.swift */ = {isa = PBXFileReference; lastKnownFileType = sourcecode.swift; path = ToDoListTests.swift; sourceTree = "<group>"; };
		2DBC58BE292BB8F600A7DFBD /* ToDoListUITests.xctest */ = {isa = PBXFileReference; explicitFileType = wrapper.cfbundle; includeInIndex = 0; path = ToDoListUITests.xctest; sourceTree = BUILT_PRODUCTS_DIR; };
		2DBC58C2292BB8F600A7DFBD /* ToDoListUITests.swift */ = {isa = PBXFileReference; lastKnownFileType = sourcecode.swift; path = ToDoListUITests.swift; sourceTree = "<group>"; };
		2DBC58C4292BB8F600A7DFBD /* ToDoListUITestsLaunchTests.swift */ = {isa = PBXFileReference; lastKnownFileType = sourcecode.swift; path = ToDoListUITestsLaunchTests.swift; sourceTree = "<group>"; };
/* End PBXFileReference section */

/* Begin PBXFrameworksBuildPhase section */
		2DBC589B292BB8F400A7DFBD /* Frameworks */ = {
			isa = PBXFrameworksBuildPhase;
			buildActionMask = 2147483647;
			files = (
			);
			runOnlyForDeploymentPostprocessing = 0;
		};
		2DBC58B1292BB8F600A7DFBD /* Frameworks */ = {
			isa = PBXFrameworksBuildPhase;
			buildActionMask = 2147483647;
			files = (
			);
			runOnlyForDeploymentPostprocessing = 0;
		};
		2DBC58BB292BB8F600A7DFBD /* Frameworks */ = {
			isa = PBXFrameworksBuildPhase;
			buildActionMask = 2147483647;
			files = (
			);
			runOnlyForDeploymentPostprocessing = 0;
		};
/* End PBXFrameworksBuildPhase section */

/* Begin PBXGroup section */
		2DBC5895292BB8F400A7DFBD = {
			isa = PBXGroup;
			children = (
				2DBC58A0292BB8F400A7DFBD /* ToDoList */,
				2DBC58B7292BB8F600A7DFBD /* ToDoListTests */,
				2DBC58C1292BB8F600A7DFBD /* ToDoListUITests */,
				2DBC589F292BB8F400A7DFBD /* Products */,
			);
			sourceTree = "<group>";
		};
		2DBC589F292BB8F400A7DFBD /* Products */ = {
			isa = PBXGroup;
			children = (
				2DBC589E292BB8F400A7DFBD /* ToDoList.app */,
				2DBC58B4292BB8F600A7DFBD /* ToDoListTests.xctest */,
				2DBC58BE292BB8F600A7DFBD /* ToDoListUITests.xctest */,
			);
			name = Products;
			sourceTree = "<group>";
		};
		2DBC58A0292BB8F400A7DFBD /* ToDoList */ = {
			isa = PBXGroup;
			children = (
				2DBC58A1292BB8F400A7DFBD /* AppDelegate.swift */,
				2DBC58A3292BB8F400A7DFBD /* SceneDelegate.swift */,
				2DBC58A5292BB8F400A7DFBD /* ViewController.swift */,
				2DBC58A7292BB8F400A7DFBD /* Main.storyboard */,
				2DBC58AA292BB8F500A7DFBD /* Assets.xcassets */,
				2DBC58AC292BB8F500A7DFBD /* LaunchScreen.storyboard */,
				2DBC58AF292BB8F500A7DFBD /* Info.plist */,
			);
			path = ToDoList;
			sourceTree = "<group>";
		};
		2DBC58B7292BB8F600A7DFBD /* ToDoListTests */ = {
			isa = PBXGroup;
			children = (
				2DBC58B8292BB8F600A7DFBD /* ToDoListTests.swift */,
			);
			path = ToDoListTests;
			sourceTree = "<group>";
		};
		2DBC58C1292BB8F600A7DFBD /* ToDoListUITests */ = {
			isa = PBXGroup;
			children = (
				2DBC58C2292BB8F600A7DFBD /* ToDoListUITests.swift */,
				2DBC58C4292BB8F600A7DFBD /* ToDoListUITestsLaunchTests.swift */,
			);
			path = ToDoListUITests;
			sourceTree = "<group>";
		};
/* End PBXGroup section */

/* Begin PBXNativeTarget section */
		2DBC589D292BB8F400A7DFBD /* ToDoList */ = {
			isa = PBXNativeTarget;
			buildConfigurationList = 2DBC58C8292BB8F600A7DFBD /* Build configuration list for PBXNativeTarget "ToDoList" */;
			buildPhases = (
				2DBC589A292BB8F400A7DFBD /* Sources */,
				2DBC589B292BB8F400A7DFBD /* Frameworks */,
				2DBC589C292BB8F400A7DFBD /* Resources */,
			);
			buildRules = (
			);
			dependencies = (
			);
			name = ToDoList;
			productName = ToDoList;
			productReference = 2DBC589E292BB8F400A7DFBD /* ToDoList.app */;
			productType = "com.apple.product-type.application";
		};
		2DBC58B3292BB8F600A7DFBD /* ToDoListTests */ = {
			isa = PBXNativeTarget;
			buildConfigurationList = 2DBC58CB292BB8F600A7DFBD /* Build configuration list for PBXNativeTarget "ToDoListTests" */;
			buildPhases = (
				2DBC58B0292BB8F600A7DFBD /* Sources */,
				2DBC58B1292BB8F600A7DFBD /* Frameworks */,
				2DBC58B2292BB8F600A7DFBD /* Resources */,
			);
			buildRules = (
			);
			dependencies = (
				2DBC58B6292BB8F600A7DFBD /* PBXTargetDependency */,
			);
			name = ToDoListTests;
			productName = ToDoListTests;
			productReference = 2DBC58B4292BB8F600A7DFBD /* ToDoListTests.xctest */;
			productType = "com.apple.product-type.bundle.unit-test";
		};
		2DBC58BD292BB8F600A7DFBD /* ToDoListUITests */ = {
			isa = PBXNativeTarget;
			buildConfigurationList = 2DBC58CE292BB8F600A7DFBD /* Build configuration list for PBXNativeTarget "ToDoListUITests" */;
			buildPhases = (
				2DBC58BA292BB8F600A7DFBD /* Sources */,
				2DBC58BB292BB8F600A7DFBD /* Frameworks */,
				2DBC58BC292BB8F600A7DFBD /* Resources */,
			);
			buildRules = (
			);
			dependencies = (
				2DBC58C0292BB8F600A7DFBD /* PBXTargetDependency */,
			);
			name = ToDoListUITests;
			productName = ToDoListUITests;
			productReference = 2DBC58BE292BB8F600A7DFBD /* ToDoListUITests.xctest */;
			productType = "com.apple.product-type.bundle.ui-testing";
		};
/* End PBXNativeTarget section */

/* Begin PBXProject section */
		2DBC5896292BB8F400A7DFBD /* Project object */ = {
			isa = PBXProject;
			attributes = {
				BuildIndependentTargetsInParallel = 1;
				LastSwiftUpdateCheck = 1410;
				LastUpgradeCheck = 1410;
				TargetAttributes = {
					2DBC589D292BB8F400A7DFBD = {
						CreatedOnToolsVersion = 14.1;
					};
					2DBC58B3292BB8F600A7DFBD = {
						CreatedOnToolsVersion = 14.1;
						TestTargetID = 2DBC589D292BB8F400A7DFBD;
					};
					2DBC58BD292BB8F600A7DFBD = {
						CreatedOnToolsVersion = 14.1;
						TestTargetID = 2DBC589D292BB8F400A7DFBD;
					};
				};
			};
			buildConfigurationList = 2DBC5899292BB8F400A7DFBD /* Build configuration list for PBXProject "ToDoList" */;
			compatibilityVersion = "Xcode 14.0";
			developmentRegion = en;
			hasScannedForEncodings = 0;
			knownRegions = (
				en,
				Base,
			);
			mainGroup = 2DBC5895292BB8F400A7DFBD;
			productRefGroup = 2DBC589F292BB8F400A7DFBD /* Products */;
			projectDirPath = "";
			projectRoot = "";
			targets = (
				2DBC589D292BB8F400A7DFBD /* ToDoList */,
				2DBC58B3292BB8F600A7DFBD /* ToDoListTests */,
				2DBC58BD292BB8F600A7DFBD /* ToDoListUITests */,
			);
		};
/* End PBXProject section */

/* Begin PBXResourcesBuildPhase section */
		2DBC589C292BB8F400A7DFBD /* Resources */ = {
			isa = PBXResourcesBuildPhase;
			buildActionMask = 2147483647;
			files = (
				2DBC58AE292BB8F500A7DFBD /* LaunchScreen.storyboard in Resources */,
				2DBC58AB292BB8F500A7DFBD /* Assets.xcassets in Resources */,
				2DBC58A9292BB8F400A7DFBD /* Main.storyboard in Resources */,
			);
			runOnlyForDeploymentPostprocessing = 0;
		};
		2DBC58B2292BB8F600A7DFBD /* Resources */ = {
			isa = PBXResourcesBuildPhase;
			buildActionMask = 2147483647;
			files = (
			);
			runOnlyForDeploymentPostprocessing = 0;
		};
		2DBC58BC292BB8F600A7DFBD /* Resources */ = {
			isa = PBXResourcesBuildPhase;
			buildActionMask = 2147483647;
			files = (
			);
			runOnlyForDeploymentPostprocessing = 0;
		};
/* End PBXResourcesBuildPhase section */

/* Begin PBXSourcesBuildPhase section */
		2DBC589A292BB8F400A7DFBD /* Sources */ = {
			isa = PBXSourcesBuildPhase;
			buildActionMask = 2147483647;
			files = (
				2DBC58A6292BB8F400A7DFBD /* ViewController.swift in Sources */,
				2DBC58A2292BB8F400A7DFBD /* AppDelegate.swift in Sources */,
				2DBC58A4292BB8F400A7DFBD /* SceneDelegate.swift in Sources */,
			);
			runOnlyForDeploymentPostprocessing = 0;
		};
		2DBC58B0292BB8F600A7DFBD /* Sources */ = {
			isa = PBXSourcesBuildPhase;
			buildActionMask = 2147483647;
			files = (
				2DBC58B9292BB8F600A7DFBD /* ToDoListTests.swift in Sources */,
			);
			runOnlyForDeploymentPostprocessing = 0;
		};
		2DBC58BA292BB8F600A7DFBD /* Sources */ = {
			isa = PBXSourcesBuildPhase;
			buildActionMask = 2147483647;
			files = (
				2DBC58C5292BB8F600A7DFBD /* ToDoListUITestsLaunchTests.swift in Sources */,
				2DBC58C3292BB8F600A7DFBD /* ToDoListUITests.swift in Sources */,
			);
			runOnlyForDeploymentPostprocessing = 0;
		};
/* End PBXSourcesBuildPhase section */

/* Begin PBXTargetDependency section */
		2DBC58B6292BB8F600A7DFBD /* PBXTargetDependency */ = {
			isa = PBXTargetDependency;
			target = 2DBC589D292BB8F400A7DFBD /* ToDoList */;
			targetProxy = 2DBC58B5292BB8F600A7DFBD /* PBXContainerItemProxy */;
		};
		2DBC58C0292BB8F600A7DFBD /* PBXTargetDependency */ = {
			isa = PBXTargetDependency;
			target = 2DBC589D292BB8F400A7DFBD /* ToDoList */;
			targetProxy = 2DBC58BF292BB8F600A7DFBD /* PBXContainerItemProxy */;
		};
/* End PBXTargetDependency section */

/* Begin PBXVariantGroup section */
		2DBC58A7292BB8F400A7DFBD /* Main.storyboard */ = {
			isa = PBXVariantGroup;
			children = (
				2DBC58A8292BB8F400A7DFBD /* Base */,
			);
			name = Main.storyboard;
			sourceTree = "<group>";
		};
		2DBC58AC292BB8F500A7DFBD /* LaunchScreen.storyboard */ = {
			isa = PBXVariantGroup;
			children = (
				2DBC58AD292BB8F500A7DFBD /* Base */,
			);
			name = LaunchScreen.storyboard;
			sourceTree = "<group>";
		};
/* End PBXVariantGroup section */

/* Begin XCBuildConfiguration section */
		2DBC58C6292BB8F600A7DFBD /* Debug */ = {
			isa = XCBuildConfiguration;
			buildSettings = {
				ALWAYS_SEARCH_USER_PATHS = NO;
				CLANG_ANALYZER_NONNULL = YES;
				CLANG_ANALYZER_NUMBER_OBJECT_CONVERSION = YES_AGGRESSIVE;
				CLANG_CXX_LANGUAGE_STANDARD = "gnu++20";
				CLANG_ENABLE_MODULES = YES;
				CLANG_ENABLE_OBJC_ARC = YES;
				CLANG_ENABLE_OBJC_WEAK = YES;
				CLANG_WARN_BLOCK_CAPTURE_AUTORELEASING = YES;
				CLANG_WARN_BOOL_CONVERSION = YES;
				CLANG_WARN_COMMA = YES;
				CLANG_WARN_CONSTANT_CONVERSION = YES;
				CLANG_WARN_DEPRECATED_OBJC_IMPLEMENTATIONS = YES;
				CLANG_WARN_DIRECT_OBJC_ISA_USAGE = YES_ERROR;
				CLANG_WARN_DOCUMENTATION_COMMENTS = YES;
				CLANG_WARN_EMPTY_BODY = YES;
				CLANG_WARN_ENUM_CONVERSION = YES;
				CLANG_WARN_INFINITE_RECURSION = YES;
				CLANG_WARN_INT_CONVERSION = YES;
				CLANG_WARN_NON_LITERAL_NULL_CONVERSION = YES;
				CLANG_WARN_OBJC_IMPLICIT_RETAIN_SELF = YES;
				CLANG_WARN_OBJC_LITERAL_CONVERSION = YES;
				CLANG_WARN_OBJC_ROOT_CLASS = YES_ERROR;
				CLANG_WARN_QUOTED_INCLUDE_IN_FRAMEWORK_HEADER = YES;
				CLANG_WARN_RANGE_LOOP_ANALYSIS = YES;
				CLANG_WARN_STRICT_PROTOTYPES = YES;
				CLANG_WARN_SUSPICIOUS_MOVE = YES;
				CLANG_WARN_UNGUARDED_AVAILABILITY = YES_AGGRESSIVE;
				CLANG_WARN_UNREACHABLE_CODE = YES;
				CLANG_WARN__DUPLICATE_METHOD_MATCH = YES;
				COPY_PHASE_STRIP = NO;
				DEBUG_INFORMATION_FORMAT = dwarf;
				ENABLE_STRICT_OBJC_MSGSEND = YES;
				ENABLE_TESTABILITY = YES;
				GCC_C_LANGUAGE_STANDARD = gnu11;
				GCC_DYNAMIC_NO_PIC = NO;
				GCC_NO_COMMON_BLOCKS = YES;
				GCC_OPTIMIZATION_LEVEL = 0;
				GCC_PREPROCESSOR_DEFINITIONS = (
					"DEBUG=1",
					"$(inherited)",
				);
				GCC_WARN_64_TO_32_BIT_CONVERSION = YES;
				GCC_WARN_ABOUT_RETURN_TYPE = YES_ERROR;
				GCC_WARN_UNDECLARED_SELECTOR = YES;
				GCC_WARN_UNINITIALIZED_AUTOS = YES_AGGRESSIVE;
				GCC_WARN_UNUSED_FUNCTION = YES;
				GCC_WARN_UNUSED_VARIABLE = YES;
				IPHONEOS_DEPLOYMENT_TARGET = 16.1;
				MTL_ENABLE_DEBUG_INFO = INCLUDE_SOURCE;
				MTL_FAST_MATH = YES;
				ONLY_ACTIVE_ARCH = YES;
				SDKROOT = iphoneos;
				SWIFT_ACTIVE_COMPILATION_CONDITIONS = DEBUG;
				SWIFT_OPTIMIZATION_LEVEL = "-Onone";
			};
			name = Debug;
		};
		2DBC58C7292BB8F600A7DFBD /* Release */ = {
			isa = XCBuildConfiguration;
			buildSettings = {
				ALWAYS_SEARCH_USER_PATHS = NO;
				CLANG_ANALYZER_NONNULL = YES;
				CLANG_ANALYZER_NUMBER_OBJECT_CONVERSION = YES_AGGRESSIVE;
				CLANG_CXX_LANGUAGE_STANDARD = "gnu++20";
				CLANG_ENABLE_MODULES = YES;
				CLANG_ENABLE_OBJC_ARC = YES;
				CLANG_ENABLE_OBJC_WEAK = YES;
				CLANG_WARN_BLOCK_CAPTURE_AUTORELEASING = YES;
				CLANG_WARN_BOOL_CONVERSION = YES;
				CLANG_WARN_COMMA = YES;
				CLANG_WARN_CONSTANT_CONVERSION = YES;
				CLANG_WARN_DEPRECATED_OBJC_IMPLEMENTATIONS = YES;
				CLANG_WARN_DIRECT_OBJC_ISA_USAGE = YES_ERROR;
				CLANG_WARN_DOCUMENTATION_COMMENTS = YES;
				CLANG_WARN_EMPTY_BODY = YES;
				CLANG_WARN_ENUM_CONVERSION = YES;
				CLANG_WARN_INFINITE_RECURSION = YES;
				CLANG_WARN_INT_CONVERSION = YES;
				CLANG_WARN_NON_LITERAL_NULL_CONVERSION = YES;
				CLANG_WARN_OBJC_IMPLICIT_RETAIN_SELF = YES;
				CLANG_WARN_OBJC_LITERAL_CONVERSION = YES;
				CLANG_WARN_OBJC_ROOT_CLASS = YES_ERROR;
				CLANG_WARN_QUOTED_INCLUDE_IN_FRAMEWORK_HEADER = YES;
				CLANG_WARN_RANGE_LOOP_ANALYSIS = YES;
				CLANG_WARN_STRICT_PROTOTYPES = YES;
				CLANG_WARN_SUSPICIOUS_MOVE = YES;
				CLANG_WARN_UNGUARDED_AVAILABILITY = YES_AGGRESSIVE;
				CLANG_WARN_UNREACHABLE_CODE = YES;
				CLANG_WARN__DUPLICATE_METHOD_MATCH = YES;
				COPY_PHASE_STRIP = NO;
				DEBUG_INFORMATION_FORMAT = "dwarf-with-dsym";
				ENABLE_NS_ASSERTIONS = NO;
				ENABLE_STRICT_OBJC_MSGSEND = YES;
				GCC_C_LANGUAGE_STANDARD = gnu11;
				GCC_NO_COMMON_BLOCKS = YES;
				GCC_WARN_64_TO_32_BIT_CONVERSION = YES;
				GCC_WARN_ABOUT_RETURN_TYPE = YES_ERROR;
				GCC_WARN_UNDECLARED_SELECTOR = YES;
				GCC_WARN_UNINITIALIZED_AUTOS = YES_AGGRESSIVE;
				GCC_WARN_UNUSED_FUNCTION = YES;
				GCC_WARN_UNUSED_VARIABLE = YES;
				IPHONEOS_DEPLOYMENT_TARGET = 16.1;
				MTL_ENABLE_DEBUG_INFO = NO;
				MTL_FAST_MATH = YES;
				SDKROOT = iphoneos;
				SWIFT_COMPILATION_MODE = wholemodule;
				SWIFT_OPTIMIZATION_LEVEL = "-O";
				VALIDATE_PRODUCT = YES;
			};
			name = Release;
		};
		2DBC58C9292BB8F600A7DFBD /* Debug */ = {
			isa = XCBuildConfiguration;
			buildSettings = {
				ASSETCATALOG_COMPILER_APPICON_NAME = AppIcon;
				ASSETCATALOG_COMPILER_GLOBAL_ACCENT_COLOR_NAME = AccentColor;
				CODE_SIGN_STYLE = Automatic;
				CURRENT_PROJECT_VERSION = 1;
				DEVELOPMENT_TEAM = S2VK344L8S;
				GENERATE_INFOPLIST_FILE = YES;
				INFOPLIST_FILE = ToDoList/Info.plist;
				INFOPLIST_KEY_UIApplicationSupportsIndirectInputEvents = YES;
				INFOPLIST_KEY_UILaunchStoryboardName = LaunchScreen.storyboard;
				INFOPLIST_KEY_UIMainStoryboardFile = Main;
				INFOPLIST_KEY_UISupportedInterfaceOrientations_iPad = "UIInterfaceOrientationPortrait UIInterfaceOrientationPortraitUpsideDown UIInterfaceOrientationLandscapeLeft UIInterfaceOrientationLandscapeRight";
				INFOPLIST_KEY_UISupportedInterfaceOrientations_iPhone = "UIInterfaceOrientationPortrait UIInterfaceOrientationLandscapeLeft UIInterfaceOrientationLandscapeRight";
				LD_RUNPATH_SEARCH_PATHS = (
					"$(inherited)",
					"@executable_path/Frameworks",
				);
				MARKETING_VERSION = 1.0;
				PRODUCT_BUNDLE_IDENTIFIER = com.boce.swiftApp.ToDoList;
				PRODUCT_NAME = "$(TARGET_NAME)";
				SWIFT_EMIT_LOC_STRINGS = YES;
				SWIFT_VERSION = 5.0;
				TARGETED_DEVICE_FAMILY = "1,2";
			};
			name = Debug;
		};
		2DBC58CA292BB8F600A7DFBD /* Release */ = {
			isa = XCBuildConfiguration;
			buildSettings = {
				ASSETCATALOG_COMPILER_APPICON_NAME = AppIcon;
				ASSETCATALOG_COMPILER_GLOBAL_ACCENT_COLOR_NAME = AccentColor;
				CODE_SIGN_STYLE = Automatic;
				CURRENT_PROJECT_VERSION = 1;
				DEVELOPMENT_TEAM = S2VK344L8S;
				GENERATE_INFOPLIST_FILE = YES;
				INFOPLIST_FILE = ToDoList/Info.plist;
				INFOPLIST_KEY_UIApplicationSupportsIndirectInputEvents = YES;
				INFOPLIST_KEY_UILaunchStoryboardName = LaunchScreen.storyboard;
				INFOPLIST_KEY_UIMainStoryboardFile = Main;
				INFOPLIST_KEY_UISupportedInterfaceOrientations_iPad = "UIInterfaceOrientationPortrait UIInterfaceOrientationPortraitUpsideDown UIInterfaceOrientationLandscapeLeft UIInterfaceOrientationLandscapeRight";
				INFOPLIST_KEY_UISupportedInterfaceOrientations_iPhone = "UIInterfaceOrientationPortrait UIInterfaceOrientationLandscapeLeft UIInterfaceOrientationLandscapeRight";
				LD_RUNPATH_SEARCH_PATHS = (
					"$(inherited)",
					"@executable_path/Frameworks",
				);
				MARKETING_VERSION = 1.0;
				PRODUCT_BUNDLE_IDENTIFIER = com.boce.swiftApp.ToDoList;
				PRODUCT_NAME = "$(TARGET_NAME)";
				SWIFT_EMIT_LOC_STRINGS = YES;
				SWIFT_VERSION = 5.0;
				TARGETED_DEVICE_FAMILY = "1,2";
			};
			name = Release;
		};
		2DBC58CC292BB8F600A7DFBD /* Debug */ = {
			isa = XCBuildConfiguration;
			buildSettings = {
				ALWAYS_EMBED_SWIFT_STANDARD_LIBRARIES = YES;
				BUNDLE_LOADER = "$(TEST_HOST)";
				CODE_SIGN_STYLE = Automatic;
				CURRENT_PROJECT_VERSION = 1;
				DEVELOPMENT_TEAM = S2VK344L8S;
				GENERATE_INFOPLIST_FILE = YES;
				IPHONEOS_DEPLOYMENT_TARGET = 16.1;
				MARKETING_VERSION = 1.0;
				PRODUCT_BUNDLE_IDENTIFIER = com.boce.swiftApp.ToDoListTests;
				PRODUCT_NAME = "$(TARGET_NAME)";
				SWIFT_EMIT_LOC_STRINGS = NO;
				SWIFT_VERSION = 5.0;
				TARGETED_DEVICE_FAMILY = "1,2";
				TEST_HOST = "$(BUILT_PRODUCTS_DIR)/ToDoList.app/$(BUNDLE_EXECUTABLE_FOLDER_PATH)/ToDoList";
			};
			name = Debug;
		};
		2DBC58CD292BB8F600A7DFBD /* Release */ = {
			isa = XCBuildConfiguration;
			buildSettings = {
				ALWAYS_EMBED_SWIFT_STANDARD_LIBRARIES = YES;
				BUNDLE_LOADER = "$(TEST_HOST)";
				CODE_SIGN_STYLE = Automatic;
				CURRENT_PROJECT_VERSION = 1;
				DEVELOPMENT_TEAM = S2VK344L8S;
				GENERATE_INFOPLIST_FILE = YES;
				IPHONEOS_DEPLOYMENT_TARGET = 16.1;
				MARKETING_VERSION = 1.0;
				PRODUCT_BUNDLE_IDENTIFIER = com.boce.swiftApp.ToDoListTests;
				PRODUCT_NAME = "$(TARGET_NAME)";
				SWIFT_EMIT_LOC_STRINGS = NO;
				SWIFT_VERSION = 5.0;
				TARGETED_DEVICE_FAMILY = "1,2";
				TEST_HOST = "$(BUILT_PRODUCTS_DIR)/ToDoList.app/$(BUNDLE_EXECUTABLE_FOLDER_PATH)/ToDoList";
			};
			name = Release;
		};
		2DBC58CF292BB8F600A7DFBD /* Debug */ = {
			isa = XCBuildConfiguration;
			buildSettings = {
				ALWAYS_EMBED_SWIFT_STANDARD_LIBRARIES = YES;
				CODE_SIGN_STYLE = Automatic;
				CURRENT_PROJECT_VERSION = 1;
				DEVELOPMENT_TEAM = S2VK344L8S;
				GENERATE_INFOPLIST_FILE = YES;
				MARKETING_VERSION = 1.0;
				PRODUCT_BUNDLE_IDENTIFIER = com.boce.swiftApp.ToDoListUITests;
				PRODUCT_NAME = "$(TARGET_NAME)";
				SWIFT_EMIT_LOC_STRINGS = NO;
				SWIFT_VERSION = 5.0;
				TARGETED_DEVICE_FAMILY = "1,2";
				TEST_TARGET_NAME = ToDoList;
			};
			name = Debug;
		};
		2DBC58D0292BB8F600A7DFBD /* Release */ = {
			isa = XCBuildConfiguration;
			buildSettings = {
				ALWAYS_EMBED_SWIFT_STANDARD_LIBRARIES = YES;
				CODE_SIGN_STYLE = Automatic;
				CURRENT_PROJECT_VERSION = 1;
				DEVELOPMENT_TEAM = S2VK344L8S;
				GENERATE_INFOPLIST_FILE = YES;
				MARKETING_VERSION = 1.0;
				PRODUCT_BUNDLE_IDENTIFIER = com.boce.swiftApp.ToDoListUITests;
				PRODUCT_NAME = "$(TARGET_NAME)";
				SWIFT_EMIT_LOC_STRINGS = NO;
				SWIFT_VERSION = 5.0;
				TARGETED_DEVICE_FAMILY = "1,2";
				TEST_TARGET_NAME = ToDoList;
			};
			name = Release;
		};
/* End XCBuildConfiguration section */

/* Begin XCConfigurationList section */
		2DBC5899292BB8F400A7DFBD /* Build configuration list for PBXProject "ToDoList" */ = {
			isa = XCConfigurationList;
			buildConfigurations = (
				2DBC58C6292BB8F600A7DFBD /* Debug */,
				2DBC58C7292BB8F600A7DFBD /* Release */,
			);
			defaultConfigurationIsVisible = 0;
			defaultConfigurationName = Release;
		};
		2DBC58C8292BB8F600A7DFBD /* Build configuration list for PBXNativeTarget "ToDoList" */ = {
			isa = XCConfigurationList;
			buildConfigurations = (
				2DBC58C9292BB8F600A7DFBD /* Debug */,
				2DBC58CA292BB8F600A7DFBD /* Release */,
			);
			defaultConfigurationIsVisible = 0;
			defaultConfigurationName = Release;
		};
		2DBC58CB292BB8F600A7DFBD /* Build configuration list for PBXNativeTarget "ToDoListTests" */ = {
			isa = XCConfigurationList;
			buildConfigurations = (
				2DBC58CC292BB8F600A7DFBD /* Debug */,
				2DBC58CD292BB8F600A7DFBD /* Release */,
			);
			defaultConfigurationIsVisible = 0;
			defaultConfigurationName = Release;
		};
		2DBC58CE292BB8F600A7DFBD /* Build configuration list for PBXNativeTarget "ToDoListUITests" */ = {
			isa = XCConfigurationList;
			buildConfigurations = (
				2DBC58CF292BB8F600A7DFBD /* Debug */,
				2DBC58D0292BB8F600A7DFBD /* Release */,
			);
			defaultConfigurationIsVisible = 0;
			defaultConfigurationName = Release;
		};
/* End XCConfigurationList section */
	};
	rootObject = 2DBC5896292BB8F400A7DFBD /* Project object */;
}
